// !$*UTF8*$!
{
	archiveVersion = 1;
	classes = {
	};
	objectVersion = 56;
	objects = {

/* Begin PBXBuildFile section */
		A767F77B2A77E1BB00A62C54 /* ShopView.swift in Sources */ = {isa = PBXBuildFile; fileRef = A767F77A2A77E1BB00A62C54 /* ShopView.swift */; };
		A767F77E2A77E46000A62C54 /* ShopItemsRepository.swift in Sources */ = {isa = PBXBuildFile; fileRef = A767F77D2A77E46000A62C54 /* ShopItemsRepository.swift */; };
		A767F7832A7801A900A62C54 /* CartItemView.swift in Sources */ = {isa = PBXBuildFile; fileRef = A767F7822A7801A900A62C54 /* CartItemView.swift */; };
		A77C2ABD2A7FCB7B006D69F2 /* CheckoutView.swift in Sources */ = {isa = PBXBuildFile; fileRef = A77C2ABC2A7FCB7B006D69F2 /* CheckoutView.swift */; };
		A77C2ABF2A7FE554006D69F2 /* CheckoutItemView.swift in Sources */ = {isa = PBXBuildFile; fileRef = A77C2ABE2A7FE554006D69F2 /* CheckoutItemView.swift */; };
		A78469942A72A2F9009CC1A8 /* DemoshopApp.swift in Sources */ = {isa = PBXBuildFile; fileRef = A78469932A72A2F9009CC1A8 /* DemoshopApp.swift */; };
		A78469962A72A2F9009CC1A8 /* ContentView.swift in Sources */ = {isa = PBXBuildFile; fileRef = A78469952A72A2F9009CC1A8 /* ContentView.swift */; };
		A78469982A72A2FA009CC1A8 /* Assets.xcassets in Resources */ = {isa = PBXBuildFile; fileRef = A78469972A72A2FA009CC1A8 /* Assets.xcassets */; };
		A784699B2A72A2FA009CC1A8 /* Preview Assets.xcassets in Resources */ = {isa = PBXBuildFile; fileRef = A784699A2A72A2FA009CC1A8 /* Preview Assets.xcassets */; };
		A78469A32A72A8D4009CC1A8 /* Product.swift in Sources */ = {isa = PBXBuildFile; fileRef = A78469A22A72A8D4009CC1A8 /* Product.swift */; };
		A78469A52A72B188009CC1A8 /* CartItem.swift in Sources */ = {isa = PBXBuildFile; fileRef = A78469A42A72B188009CC1A8 /* CartItem.swift */; };
		A78469A72A72B6AD009CC1A8 /* Cart.swift in Sources */ = {isa = PBXBuildFile; fileRef = A78469A62A72B6AD009CC1A8 /* Cart.swift */; };
		A79C69782A81597400E68F05 /* PaymentView.swift in Sources */ = {isa = PBXBuildFile; fileRef = A79C69772A81597400E68F05 /* PaymentView.swift */; };
		A79C697B2A81626400E68F05 /* DemoShopButtonStyle.swift in Sources */ = {isa = PBXBuildFile; fileRef = A79C697A2A81626400E68F05 /* DemoShopButtonStyle.swift */; };
		A79C697D2A8197C100E68F05 /* InstallmentsHelper.swift in Sources */ = {isa = PBXBuildFile; fileRef = A79C697C2A8197C100E68F05 /* InstallmentsHelper.swift */; };
/* End PBXBuildFile section */

/* Begin PBXFileReference section */
		A767F77A2A77E1BB00A62C54 /* ShopView.swift */ = {isa = PBXFileReference; lastKnownFileType = sourcecode.swift; path = ShopView.swift; sourceTree = "<group>"; };
		A767F77D2A77E46000A62C54 /* ShopItemsRepository.swift */ = {isa = PBXFileReference; lastKnownFileType = sourcecode.swift; path = ShopItemsRepository.swift; sourceTree = "<group>"; };
		A767F7822A7801A900A62C54 /* CartItemView.swift */ = {isa = PBXFileReference; lastKnownFileType = sourcecode.swift; path = CartItemView.swift; sourceTree = "<group>"; };
		A77C2ABC2A7FCB7B006D69F2 /* CheckoutView.swift */ = {isa = PBXFileReference; lastKnownFileType = sourcecode.swift; path = CheckoutView.swift; sourceTree = "<group>"; };
		A77C2ABE2A7FE554006D69F2 /* CheckoutItemView.swift */ = {isa = PBXFileReference; lastKnownFileType = sourcecode.swift; path = CheckoutItemView.swift; sourceTree = "<group>"; };
		A78469902A72A2F9009CC1A8 /* Demoshop.app */ = {isa = PBXFileReference; explicitFileType = wrapper.application; includeInIndex = 0; path = Demoshop.app; sourceTree = BUILT_PRODUCTS_DIR; };
		A78469932A72A2F9009CC1A8 /* DemoshopApp.swift */ = {isa = PBXFileReference; lastKnownFileType = sourcecode.swift; path = DemoshopApp.swift; sourceTree = "<group>"; };
		A78469952A72A2F9009CC1A8 /* ContentView.swift */ = {isa = PBXFileReference; lastKnownFileType = sourcecode.swift; path = ContentView.swift; sourceTree = "<group>"; };
		A78469972A72A2FA009CC1A8 /* Assets.xcassets */ = {isa = PBXFileReference; lastKnownFileType = folder.assetcatalog; path = Assets.xcassets; sourceTree = "<group>"; };
		A784699A2A72A2FA009CC1A8 /* Preview Assets.xcassets */ = {isa = PBXFileReference; lastKnownFileType = folder.assetcatalog; path = "Preview Assets.xcassets"; sourceTree = "<group>"; };
		A78469A22A72A8D4009CC1A8 /* Product.swift */ = {isa = PBXFileReference; lastKnownFileType = sourcecode.swift; path = Product.swift; sourceTree = "<group>"; };
		A78469A42A72B188009CC1A8 /* CartItem.swift */ = {isa = PBXFileReference; lastKnownFileType = sourcecode.swift; path = CartItem.swift; sourceTree = "<group>"; };
		A78469A62A72B6AD009CC1A8 /* Cart.swift */ = {isa = PBXFileReference; lastKnownFileType = sourcecode.swift; path = Cart.swift; sourceTree = "<group>"; };
		A79C69772A81597400E68F05 /* PaymentView.swift */ = {isa = PBXFileReference; lastKnownFileType = sourcecode.swift; path = PaymentView.swift; sourceTree = "<group>"; };
		A79C697A2A81626400E68F05 /* DemoShopButtonStyle.swift */ = {isa = PBXFileReference; lastKnownFileType = sourcecode.swift; path = DemoShopButtonStyle.swift; sourceTree = "<group>"; };
		A79C697C2A8197C100E68F05 /* InstallmentsHelper.swift */ = {isa = PBXFileReference; lastKnownFileType = sourcecode.swift; path = InstallmentsHelper.swift; sourceTree = "<group>"; };
/* End PBXFileReference section */

/* Begin PBXFrameworksBuildPhase section */
		A784698D2A72A2F9009CC1A8 /* Frameworks */ = {
			isa = PBXFrameworksBuildPhase;
			buildActionMask = 2147483647;
			files = (
			);
			runOnlyForDeploymentPostprocessing = 0;
		};
/* End PBXFrameworksBuildPhase section */

/* Begin PBXGroup section */
		A767F77C2A77E2EF00A62C54 /* Data */ = {
			isa = PBXGroup;
			children = (
				A767F77D2A77E46000A62C54 /* ShopItemsRepository.swift */,
			);
			path = Data;
			sourceTree = "<group>";
		};
		A767F77F2A77FFA900A62C54 /* Views */ = {
			isa = PBXGroup;
			children = (
				A767F7812A77FFCF00A62C54 /* Components */,
				A767F7802A77FFC900A62C54 /* Screens */,
			);
			path = Views;
			sourceTree = "<group>";
		};
		A767F7802A77FFC900A62C54 /* Screens */ = {
			isa = PBXGroup;
			children = (
				A767F77A2A77E1BB00A62C54 /* ShopView.swift */,
				A77C2ABC2A7FCB7B006D69F2 /* CheckoutView.swift */,
				A79C69772A81597400E68F05 /* PaymentView.swift */,
			);
			path = Screens;
			sourceTree = "<group>";
		};
		A767F7812A77FFCF00A62C54 /* Components */ = {
			isa = PBXGroup;
			children = (
				A79C69792A81623B00E68F05 /* Base View */,
				A767F7822A7801A900A62C54 /* CartItemView.swift */,
				A77C2ABE2A7FE554006D69F2 /* CheckoutItemView.swift */,
			);
			path = Components;
			sourceTree = "<group>";
		};
		A78469872A72A2F9009CC1A8 = {
			isa = PBXGroup;
			children = (
				A78469922A72A2F9009CC1A8 /* Demoshop */,
				A78469912A72A2F9009CC1A8 /* Products */,
			);
			sourceTree = "<group>";
		};
		A78469912A72A2F9009CC1A8 /* Products */ = {
			isa = PBXGroup;
			children = (
				A78469902A72A2F9009CC1A8 /* Demoshop.app */,
			);
			name = Products;
			sourceTree = "<group>";
		};
		A78469922A72A2F9009CC1A8 /* Demoshop */ = {
			isa = PBXGroup;
			children = (
				A767F77F2A77FFA900A62C54 /* Views */,
				A767F77C2A77E2EF00A62C54 /* Data */,
				A78469A12A72A83D009CC1A8 /* Model */,
				A78469932A72A2F9009CC1A8 /* DemoshopApp.swift */,
				A78469952A72A2F9009CC1A8 /* ContentView.swift */,
				A78469972A72A2FA009CC1A8 /* Assets.xcassets */,
				A78469992A72A2FA009CC1A8 /* Preview Content */,
				A79C697C2A8197C100E68F05 /* InstallmentsHelper.swift */,
			);
			path = Demoshop;
			sourceTree = "<group>";
		};
		A78469992A72A2FA009CC1A8 /* Preview Content */ = {
			isa = PBXGroup;
			children = (
				A784699A2A72A2FA009CC1A8 /* Preview Assets.xcassets */,
			);
			path = "Preview Content";
			sourceTree = "<group>";
		};
		A78469A12A72A83D009CC1A8 /* Model */ = {
			isa = PBXGroup;
			children = (
				A78469A22A72A8D4009CC1A8 /* Product.swift */,
				A78469A42A72B188009CC1A8 /* CartItem.swift */,
				A78469A62A72B6AD009CC1A8 /* Cart.swift */,
			);
			path = Model;
			sourceTree = "<group>";
		};
		A79C69792A81623B00E68F05 /* Base View */ = {
			isa = PBXGroup;
			children = (
				A79C697A2A81626400E68F05 /* DemoShopButtonStyle.swift */,
			);
			path = "Base View";
			sourceTree = "<group>";
		};
/* End PBXGroup section */

/* Begin PBXNativeTarget section */
		A784698F2A72A2F9009CC1A8 /* Demoshop */ = {
			isa = PBXNativeTarget;
			buildConfigurationList = A784699E2A72A2FA009CC1A8 /* Build configuration list for PBXNativeTarget "Demoshop" */;
			buildPhases = (
				A784698C2A72A2F9009CC1A8 /* Sources */,
				A784698D2A72A2F9009CC1A8 /* Frameworks */,
				A784698E2A72A2F9009CC1A8 /* Resources */,
			);
			buildRules = (
			);
			dependencies = (
			);
			name = Demoshop;
			productName = Demoshop;
			productReference = A78469902A72A2F9009CC1A8 /* Demoshop.app */;
			productType = "com.apple.product-type.application";
		};
/* End PBXNativeTarget section */

/* Begin PBXProject section */
		A78469882A72A2F9009CC1A8 /* Project object */ = {
			isa = PBXProject;
			attributes = {
				BuildIndependentTargetsInParallel = 1;
				LastSwiftUpdateCheck = 1430;
				LastUpgradeCheck = 1430;
				TargetAttributes = {
					A784698F2A72A2F9009CC1A8 = {
						CreatedOnToolsVersion = 14.3;
					};
				};
			};
			buildConfigurationList = A784698B2A72A2F9009CC1A8 /* Build configuration list for PBXProject "Demoshop" */;
			compatibilityVersion = "Xcode 14.0";
			developmentRegion = en;
			hasScannedForEncodings = 0;
			knownRegions = (
				en,
				Base,
			);
			mainGroup = A78469872A72A2F9009CC1A8;
			productRefGroup = A78469912A72A2F9009CC1A8 /* Products */;
			projectDirPath = "";
			projectRoot = "";
			targets = (
				A784698F2A72A2F9009CC1A8 /* Demoshop */,
			);
		};
/* End PBXProject section */

/* Begin PBXResourcesBuildPhase section */
		A784698E2A72A2F9009CC1A8 /* Resources */ = {
			isa = PBXResourcesBuildPhase;
			buildActionMask = 2147483647;
			files = (
				A784699B2A72A2FA009CC1A8 /* Preview Assets.xcassets in Resources */,
				A78469982A72A2FA009CC1A8 /* Assets.xcassets in Resources */,
			);
			runOnlyForDeploymentPostprocessing = 0;
		};
/* End PBXResourcesBuildPhase section */

/* Begin PBXSourcesBuildPhase section */
		A784698C2A72A2F9009CC1A8 /* Sources */ = {
			isa = PBXSourcesBuildPhase;
			buildActionMask = 2147483647;
			files = (
				A78469962A72A2F9009CC1A8 /* ContentView.swift in Sources */,
				A79C69782A81597400E68F05 /* PaymentView.swift in Sources */,
				A767F7832A7801A900A62C54 /* CartItemView.swift in Sources */,
				A78469A32A72A8D4009CC1A8 /* Product.swift in Sources */,
				A78469A72A72B6AD009CC1A8 /* Cart.swift in Sources */,
				A79C697D2A8197C100E68F05 /* InstallmentsHelper.swift in Sources */,
				A78469A52A72B188009CC1A8 /* CartItem.swift in Sources */,
				A767F77B2A77E1BB00A62C54 /* ShopView.swift in Sources */,
				A78469942A72A2F9009CC1A8 /* DemoshopApp.swift in Sources */,
				A79C697B2A81626400E68F05 /* DemoShopButtonStyle.swift in Sources */,
				A767F77E2A77E46000A62C54 /* ShopItemsRepository.swift in Sources */,
				A77C2ABD2A7FCB7B006D69F2 /* CheckoutView.swift in Sources */,
				A77C2ABF2A7FE554006D69F2 /* CheckoutItemView.swift in Sources */,
			);
			runOnlyForDeploymentPostprocessing = 0;
		};
/* End PBXSourcesBuildPhase section */

/* Begin XCBuildConfiguration section */
		A784699C2A72A2FA009CC1A8 /* Debug */ = {
			isa = XCBuildConfiguration;
			buildSettings = {
				ALWAYS_SEARCH_USER_PATHS = NO;
				CLANG_ANALYZER_NONNULL = YES;
				CLANG_ANALYZER_NUMBER_OBJECT_CONVERSION = YES_AGGRESSIVE;
				CLANG_CXX_LANGUAGE_STANDARD = "gnu++20";
				CLANG_ENABLE_MODULES = YES;
				CLANG_ENABLE_OBJC_ARC = YES;
				CLANG_ENABLE_OBJC_WEAK = YES;
				CLANG_WARN_BLOCK_CAPTURE_AUTORELEASING = YES;
				CLANG_WARN_BOOL_CONVERSION = YES;
				CLANG_WARN_COMMA = YES;
				CLANG_WARN_CONSTANT_CONVERSION = YES;
				CLANG_WARN_DEPRECATED_OBJC_IMPLEMENTATIONS = YES;
				CLANG_WARN_DIRECT_OBJC_ISA_USAGE = YES_ERROR;
				CLANG_WARN_DOCUMENTATION_COMMENTS = YES;
				CLANG_WARN_EMPTY_BODY = YES;
				CLANG_WARN_ENUM_CONVERSION = YES;
				CLANG_WARN_INFINITE_RECURSION = YES;
				CLANG_WARN_INT_CONVERSION = YES;
				CLANG_WARN_NON_LITERAL_NULL_CONVERSION = YES;
				CLANG_WARN_OBJC_IMPLICIT_RETAIN_SELF = YES;
				CLANG_WARN_OBJC_LITERAL_CONVERSION = YES;
				CLANG_WARN_OBJC_ROOT_CLASS = YES_ERROR;
				CLANG_WARN_QUOTED_INCLUDE_IN_FRAMEWORK_HEADER = YES;
				CLANG_WARN_RANGE_LOOP_ANALYSIS = YES;
				CLANG_WARN_STRICT_PROTOTYPES = YES;
				CLANG_WARN_SUSPICIOUS_MOVE = YES;
				CLANG_WARN_UNGUARDED_AVAILABILITY = YES_AGGRESSIVE;
				CLANG_WARN_UNREACHABLE_CODE = YES;
				CLANG_WARN__DUPLICATE_METHOD_MATCH = YES;
				COPY_PHASE_STRIP = NO;
				DEBUG_INFORMATION_FORMAT = dwarf;
				ENABLE_STRICT_OBJC_MSGSEND = YES;
				ENABLE_TESTABILITY = YES;
				GCC_C_LANGUAGE_STANDARD = gnu11;
				GCC_DYNAMIC_NO_PIC = NO;
				GCC_NO_COMMON_BLOCKS = YES;
				GCC_OPTIMIZATION_LEVEL = 0;
				GCC_PREPROCESSOR_DEFINITIONS = (
					"DEBUG=1",
					"$(inherited)",
				);
				GCC_WARN_64_TO_32_BIT_CONVERSION = YES;
				GCC_WARN_ABOUT_RETURN_TYPE = YES_ERROR;
				GCC_WARN_UNDECLARED_SELECTOR = YES;
				GCC_WARN_UNINITIALIZED_AUTOS = YES_AGGRESSIVE;
				GCC_WARN_UNUSED_FUNCTION = YES;
				GCC_WARN_UNUSED_VARIABLE = YES;
				IPHONEOS_DEPLOYMENT_TARGET = 16.4;
				MTL_ENABLE_DEBUG_INFO = INCLUDE_SOURCE;
				MTL_FAST_MATH = YES;
				ONLY_ACTIVE_ARCH = YES;
				SDKROOT = iphoneos;
				SWIFT_ACTIVE_COMPILATION_CONDITIONS = DEBUG;
				SWIFT_OPTIMIZATION_LEVEL = "-Onone";
			};
			name = Debug;
		};
		A784699D2A72A2FA009CC1A8 /* Release */ = {
			isa = XCBuildConfiguration;
			buildSettings = {
				ALWAYS_SEARCH_USER_PATHS = NO;
				CLANG_ANALYZER_NONNULL = YES;
				CLANG_ANALYZER_NUMBER_OBJECT_CONVERSION = YES_AGGRESSIVE;
				CLANG_CXX_LANGUAGE_STANDARD = "gnu++20";
				CLANG_ENABLE_MODULES = YES;
				CLANG_ENABLE_OBJC_ARC = YES;
				CLANG_ENABLE_OBJC_WEAK = YES;
				CLANG_WARN_BLOCK_CAPTURE_AUTORELEASING = YES;
				CLANG_WARN_BOOL_CONVERSION = YES;
				CLANG_WARN_COMMA = YES;
				CLANG_WARN_CONSTANT_CONVERSION = YES;
				CLANG_WARN_DEPRECATED_OBJC_IMPLEMENTATIONS = YES;
				CLANG_WARN_DIRECT_OBJC_ISA_USAGE = YES_ERROR;
				CLANG_WARN_DOCUMENTATION_COMMENTS = YES;
				CLANG_WARN_EMPTY_BODY = YES;
				CLANG_WARN_ENUM_CONVERSION = YES;
				CLANG_WARN_INFINITE_RECURSION = YES;
				CLANG_WARN_INT_CONVERSION = YES;
				CLANG_WARN_NON_LITERAL_NULL_CONVERSION = YES;
				CLANG_WARN_OBJC_IMPLICIT_RETAIN_SELF = YES;
				CLANG_WARN_OBJC_LITERAL_CONVERSION = YES;
				CLANG_WARN_OBJC_ROOT_CLASS = YES_ERROR;
				CLANG_WARN_QUOTED_INCLUDE_IN_FRAMEWORK_HEADER = YES;
				CLANG_WARN_RANGE_LOOP_ANALYSIS = YES;
				CLANG_WARN_STRICT_PROTOTYPES = YES;
				CLANG_WARN_SUSPICIOUS_MOVE = YES;
				CLANG_WARN_UNGUARDED_AVAILABILITY = YES_AGGRESSIVE;
				CLANG_WARN_UNREACHABLE_CODE = YES;
				CLANG_WARN__DUPLICATE_METHOD_MATCH = YES;
				COPY_PHASE_STRIP = NO;
				DEBUG_INFORMATION_FORMAT = "dwarf-with-dsym";
				ENABLE_NS_ASSERTIONS = NO;
				ENABLE_STRICT_OBJC_MSGSEND = YES;
				GCC_C_LANGUAGE_STANDARD = gnu11;
				GCC_NO_COMMON_BLOCKS = YES;
				GCC_WARN_64_TO_32_BIT_CONVERSION = YES;
				GCC_WARN_ABOUT_RETURN_TYPE = YES_ERROR;
				GCC_WARN_UNDECLARED_SELECTOR = YES;
				GCC_WARN_UNINITIALIZED_AUTOS = YES_AGGRESSIVE;
				GCC_WARN_UNUSED_FUNCTION = YES;
				GCC_WARN_UNUSED_VARIABLE = YES;
				IPHONEOS_DEPLOYMENT_TARGET = 16.4;
				MTL_ENABLE_DEBUG_INFO = NO;
				MTL_FAST_MATH = YES;
				SDKROOT = iphoneos;
				SWIFT_COMPILATION_MODE = wholemodule;
				SWIFT_OPTIMIZATION_LEVEL = "-O";
				VALIDATE_PRODUCT = YES;
			};
			name = Release;
		};
		A784699F2A72A2FA009CC1A8 /* Debug */ = {
			isa = XCBuildConfiguration;
			buildSettings = {
				ASSETCATALOG_COMPILER_APPICON_NAME = AppIcon;
				ASSETCATALOG_COMPILER_GLOBAL_ACCENT_COLOR_NAME = AccentColor;
				CODE_SIGN_STYLE = Automatic;
				CURRENT_PROJECT_VERSION = 1;
				DEVELOPMENT_ASSET_PATHS = "\"Demoshop/Preview Content\"";
				DEVELOPMENT_TEAM = T5498SXSD7;
				ENABLE_PREVIEWS = YES;
				GENERATE_INFOPLIST_FILE = YES;
				INFOPLIST_KEY_UIApplicationSceneManifest_Generation = YES;
				INFOPLIST_KEY_UIApplicationSupportsIndirectInputEvents = YES;
				INFOPLIST_KEY_UILaunchScreen_Generation = YES;
				INFOPLIST_KEY_UISupportedInterfaceOrientations_iPad = "UIInterfaceOrientationPortrait UIInterfaceOrientationPortraitUpsideDown UIInterfaceOrientationLandscapeLeft UIInterfaceOrientationLandscapeRight";
				INFOPLIST_KEY_UISupportedInterfaceOrientations_iPhone = "UIInterfaceOrientationPortrait UIInterfaceOrientationLandscapeLeft UIInterfaceOrientationLandscapeRight";
				IPHONEOS_DEPLOYMENT_TARGET = 16.0;
				LD_RUNPATH_SEARCH_PATHS = (
					"$(inherited)",
					"@executable_path/Frameworks",
				);
				MARKETING_VERSION = 1.0;
				PRODUCT_BUNDLE_IDENTIFIER = com.corvuspay.wallet.Demoshop;
				PRODUCT_NAME = "$(TARGET_NAME)";
				SWIFT_EMIT_LOC_STRINGS = YES;
				SWIFT_VERSION = 5.0;
				TARGETED_DEVICE_FAMILY = "1,2";
			};
			name = Debug;
		};
		A78469A02A72A2FA009CC1A8 /* Release */ = {
			isa = XCBuildConfiguration;
			buildSettings = {
				ASSETCATALOG_COMPILER_APPICON_NAME = AppIcon;
				ASSETCATALOG_COMPILER_GLOBAL_ACCENT_COLOR_NAME = AccentColor;
				CODE_SIGN_STYLE = Automatic;
				CURRENT_PROJECT_VERSION = 1;
				DEVELOPMENT_ASSET_PATHS = "\"Demoshop/Preview Content\"";
				DEVELOPMENT_TEAM = T5498SXSD7;
				ENABLE_PREVIEWS = YES;
				GENERATE_INFOPLIST_FILE = YES;
				INFOPLIST_KEY_UIApplicationSceneManifest_Generation = YES;
				INFOPLIST_KEY_UIApplicationSupportsIndirectInputEvents = YES;
				INFOPLIST_KEY_UILaunchScreen_Generation = YES;
				INFOPLIST_KEY_UISupportedInterfaceOrientations_iPad = "UIInterfaceOrientationPortrait UIInterfaceOrientationPortraitUpsideDown UIInterfaceOrientationLandscapeLeft UIInterfaceOrientationLandscapeRight";
				INFOPLIST_KEY_UISupportedInterfaceOrientations_iPhone = "UIInterfaceOrientationPortrait UIInterfaceOrientationLandscapeLeft UIInterfaceOrientationLandscapeRight";
				IPHONEOS_DEPLOYMENT_TARGET = 16.0;
				LD_RUNPATH_SEARCH_PATHS = (
					"$(inherited)",
					"@executable_path/Frameworks",
				);
				MARKETING_VERSION = 1.0;
				PRODUCT_BUNDLE_IDENTIFIER = com.corvuspay.wallet.Demoshop;
				PRODUCT_NAME = "$(TARGET_NAME)";
				SWIFT_EMIT_LOC_STRINGS = YES;
				SWIFT_VERSION = 5.0;
				TARGETED_DEVICE_FAMILY = "1,2";
			};
			name = Release;
		};
/* End XCBuildConfiguration section */

/* Begin XCConfigurationList section */
		A784698B2A72A2F9009CC1A8 /* Build configuration list for PBXProject "Demoshop" */ = {
			isa = XCConfigurationList;
			buildConfigurations = (
				A784699C2A72A2FA009CC1A8 /* Debug */,
				A784699D2A72A2FA009CC1A8 /* Release */,
			);
			defaultConfigurationIsVisible = 0;
			defaultConfigurationName = Release;
		};
		A784699E2A72A2FA009CC1A8 /* Build configuration list for PBXNativeTarget "Demoshop" */ = {
			isa = XCConfigurationList;
			buildConfigurations = (
				A784699F2A72A2FA009CC1A8 /* Debug */,
				A78469A02A72A2FA009CC1A8 /* Release */,
			);
			defaultConfigurationIsVisible = 0;
			defaultConfigurationName = Release;
		};
/* End XCConfigurationList section */
	};
	rootObject = A78469882A72A2F9009CC1A8 /* Project object */;
}
