{
  "originHash" : "81fe96d79e2a8cbef4c94bb1bae417e6798b29a238e4fc984adc240e1df345e6",
  "pins" : [
    {
      "identity" : "ios-sdk",
      "kind" : "remoteSourceControl",
      "location" : "https://github.com/corvuspay/iOS-sdk.git",
      "state" : {
        "branch" : "demoShop-swiftUI",
        "revision" : "a251ec784abf8796d566b448a8a6941bd9b3e9a0"
      }
    }
  ],
  "version" : 3
}
